
Microsoft Visual Studio Solution File, Format Version 12.00
# Visual Studio Version 17
VisualStudioVersion = 17.11.35303.130
MinimumVisualStudioVersion = 10.0.40219.1
Project("{FAE04EC0-301F-11D3-BF4B-00C04F79EFBC}") = "ParfumeExpressApi", "ParfumeExpressApi\ParfumeExpressApi.csproj", "{854C2904-8F04-4397-B36C-9D384FFADFC7}"
EndProject
Global
	GlobalSection(SolutionConfigurationPlatforms) = preSolution
		Debug|Any CPU = Debug|Any CPU
		Release|Any CPU = Release|Any CPU
	EndGlobalSection
	GlobalSection(ProjectConfigurationPlatforms) = postSolution
		{854C2904-8F04-4397-B36C-9D384FFADFC7}.Debug|Any CPU.ActiveCfg = Debug|Any CPU
		{854C2904-8F04-4397-B36C-9D384FFADFC7}.Debug|Any CPU.Build.0 = Debug|Any CPU
		{854C2904-8F04-4397-B36C-9D384FFADFC7}.Release|Any CPU.ActiveCfg = Release|Any CPU
		{854C2904-8F04-4397-B36C-9D384FFADFC7}.Release|Any CPU.Build.0 = Release|Any CPU
	EndGlobalSection
	GlobalSection(SolutionProperties) = preSolution
		HideSolutionNode = FALSE
	EndGlobalSection
	GlobalSection(ExtensibilityGlobals) = postSolution
		SolutionGuid = {D0C7134A-1A0B-4822-BEDA-90BF17AF532A}
	EndGlobalSection
EndGlobal
